Microsoft Visual Studio Solution File, Format Version 12.00
# Visual Studio 2012
Project("{FAE04EC0-301F-11D3-BF4B-00C04F79EFBC}") = "GetVC6ProjectConfiguration", "GetVC6ProjectConfiguration.csproj", "{350627F3-0A10-4719-97FB-5C169C9A8FC6}"
EndProject
Project("{FAE04EC0-301F-11D3-BF4B-00C04F79EFBC}") = "ResolveComplist", "ResolveComplist.csproj", "{41694FA5-73BF-4A73-A96D-E9E2C9D3B9D5}"
EndProject
Project("{FAE04EC0-301F-11D3-BF4B-00C04F79EFBC}") = "ProductBuilder", "ProductBuilder.csproj", "{27EA0AC1-F412-4080-9FC9-7AA82D956553}"
EndProject
Project("{FAE04EC0-301F-11D3-BF4B-00C04F79EFBC}") = "CheckBuild", "CheckBuild.csproj", "{F88905F5-E761-4FB8-B26C-86ACDD4385B6}"
EndProject
Project("{FAE04EC0-301F-11D3-BF4B-00C04F79EFBC}") = "SetBuildEnvironment", "SetBuildEnvironment.csproj", "{02BDF839-15D2-4FA7-B22E-64CFFE600D11}"
EndProject
Project("{FAE04EC0-301F-11D3-BF4B-00C04F79EFBC}") = "Lowercase", "Lowercase.csproj", "{7AA3BD58-1B56-48F4-8D94-F4474C861ECE}"
EndProject
Project("{FAE04EC0-301F-11D3-BF4B-00C04F79EFBC}") = "SetDummyPasswords", "SetDummyPasswords.csproj", "{00D990E2-2597-4DC8-B6A3-1D24E049FF18}"
EndProject
Project("{FAE04EC0-301F-11D3-BF4B-00C04F79EFBC}") = "BuildReportSummary", "BuildReportSummary.csproj", "{5EC16551-CE6F-467C-905F-98ECCCBD2AFE}"
EndProject
Project("{FAE04EC0-301F-11D3-BF4B-00C04F79EFBC}") = "LogMsg", "LogMsg.csproj", "{161D502C-4157-4926-BB01-2161158CAD91}"
EndProject
Project("{FAE04EC0-301F-11D3-BF4B-00C04F79EFBC}") = "SmtpSendEmail", "SmtpSendEmail.csproj", "{D338E7D4-6961-4E30-A423-F1395CC55CCC}"
EndProject
Project("{FAE04EC0-301F-11D3-BF4B-00C04F79EFBC}") = "ImportComponents", "ImportComponents.csproj", "{9BB4C79D-130F-4000-A173-7E53498E2310}"
EndProject
Project("{FAE04EC0-301F-11D3-BF4B-00C04F79EFBC}") = "UseRemoteZip", "UseRemoteZip.csproj", "{296013B9-94F7-4F14-8EDA-A8F559EA8E8F}"
EndProject
Global
	GlobalSection(SolutionConfigurationPlatforms) = preSolution
		Debug|Any CPU = Debug|Any CPU
		Debug|x86 = Debug|x86
		Release|Any CPU = Release|Any CPU
		Release|x86 = Release|x86
	EndGlobalSection
	GlobalSection(ProjectConfigurationPlatforms) = postSolution
		{350627F3-0A10-4719-97FB-5C169C9A8FC6}.Debug|Any CPU.ActiveCfg = Debug|Any CPU
		{350627F3-0A10-4719-97FB-5C169C9A8FC6}.Debug|Any CPU.Build.0 = Debug|Any CPU
		{350627F3-0A10-4719-97FB-5C169C9A8FC6}.Debug|x86.ActiveCfg = Debug|x86
		{350627F3-0A10-4719-97FB-5C169C9A8FC6}.Debug|x86.Build.0 = Debug|x86
		{350627F3-0A10-4719-97FB-5C169C9A8FC6}.Release|Any CPU.ActiveCfg = Release|Any CPU
		{350627F3-0A10-4719-97FB-5C169C9A8FC6}.Release|Any CPU.Build.0 = Release|Any CPU
		{350627F3-0A10-4719-97FB-5C169C9A8FC6}.Release|x86.ActiveCfg = Release|Any CPU
		{41694FA5-73BF-4A73-A96D-E9E2C9D3B9D5}.Debug|Any CPU.ActiveCfg = Debug|Any CPU
		{41694FA5-73BF-4A73-A96D-E9E2C9D3B9D5}.Debug|Any CPU.Build.0 = Debug|Any CPU
		{41694FA5-73BF-4A73-A96D-E9E2C9D3B9D5}.Debug|x86.ActiveCfg = Debug|x86
		{41694FA5-73BF-4A73-A96D-E9E2C9D3B9D5}.Debug|x86.Build.0 = Debug|x86
		{41694FA5-73BF-4A73-A96D-E9E2C9D3B9D5}.Release|Any CPU.ActiveCfg = Release|Any CPU
		{41694FA5-73BF-4A73-A96D-E9E2C9D3B9D5}.Release|Any CPU.Build.0 = Release|Any CPU
		{41694FA5-73BF-4A73-A96D-E9E2C9D3B9D5}.Release|x86.ActiveCfg = Release|Any CPU
		{27EA0AC1-F412-4080-9FC9-7AA82D956553}.Debug|Any CPU.ActiveCfg = Debug|Any CPU
		{27EA0AC1-F412-4080-9FC9-7AA82D956553}.Debug|Any CPU.Build.0 = Debug|Any CPU
		{27EA0AC1-F412-4080-9FC9-7AA82D956553}.Debug|x86.ActiveCfg = Debug|x86
		{27EA0AC1-F412-4080-9FC9-7AA82D956553}.Debug|x86.Build.0 = Debug|x86
		{27EA0AC1-F412-4080-9FC9-7AA82D956553}.Release|Any CPU.ActiveCfg = Release|Any CPU
		{27EA0AC1-F412-4080-9FC9-7AA82D956553}.Release|Any CPU.Build.0 = Release|Any CPU
		{27EA0AC1-F412-4080-9FC9-7AA82D956553}.Release|x86.ActiveCfg = Release|Any CPU
		{F88905F5-E761-4FB8-B26C-86ACDD4385B6}.Debug|Any CPU.ActiveCfg = Debug|Any CPU
		{F88905F5-E761-4FB8-B26C-86ACDD4385B6}.Debug|Any CPU.Build.0 = Debug|Any CPU
		{F88905F5-E761-4FB8-B26C-86ACDD4385B6}.Debug|x86.ActiveCfg = Debug|x86
		{F88905F5-E761-4FB8-B26C-86ACDD4385B6}.Debug|x86.Build.0 = Debug|x86
		{F88905F5-E761-4FB8-B26C-86ACDD4385B6}.Release|Any CPU.ActiveCfg = Release|Any CPU
		{F88905F5-E761-4FB8-B26C-86ACDD4385B6}.Release|Any CPU.Build.0 = Release|Any CPU
		{F88905F5-E761-4FB8-B26C-86ACDD4385B6}.Release|x86.ActiveCfg = Release|Any CPU
		{02BDF839-15D2-4FA7-B22E-64CFFE600D11}.Debug|Any CPU.ActiveCfg = Debug|Any CPU
		{02BDF839-15D2-4FA7-B22E-64CFFE600D11}.Debug|Any CPU.Build.0 = Debug|Any CPU
		{02BDF839-15D2-4FA7-B22E-64CFFE600D11}.Debug|x86.ActiveCfg = Debug|x86
		{02BDF839-15D2-4FA7-B22E-64CFFE600D11}.Debug|x86.Build.0 = Debug|x86
		{02BDF839-15D2-4FA7-B22E-64CFFE600D11}.Release|Any CPU.ActiveCfg = Release|Any CPU
		{02BDF839-15D2-4FA7-B22E-64CFFE600D11}.Release|Any CPU.Build.0 = Release|Any CPU
		{02BDF839-15D2-4FA7-B22E-64CFFE600D11}.Release|x86.ActiveCfg = Release|Any CPU
		{7AA3BD58-1B56-48F4-8D94-F4474C861ECE}.Debug|Any CPU.ActiveCfg = Debug|Any CPU
		{7AA3BD58-1B56-48F4-8D94-F4474C861ECE}.Debug|Any CPU.Build.0 = Debug|Any CPU
		{7AA3BD58-1B56-48F4-8D94-F4474C861ECE}.Debug|x86.ActiveCfg = Debug|x86
		{7AA3BD58-1B56-48F4-8D94-F4474C861ECE}.Debug|x86.Build.0 = Debug|x86
		{7AA3BD58-1B56-48F4-8D94-F4474C861ECE}.Release|Any CPU.ActiveCfg = Release|Any CPU
		{7AA3BD58-1B56-48F4-8D94-F4474C861ECE}.Release|Any CPU.Build.0 = Release|Any CPU
		{7AA3BD58-1B56-48F4-8D94-F4474C861ECE}.Release|x86.ActiveCfg = Release|Any CPU
		{00D990E2-2597-4DC8-B6A3-1D24E049FF18}.Debug|Any CPU.ActiveCfg = Debug|Any CPU
		{00D990E2-2597-4DC8-B6A3-1D24E049FF18}.Debug|Any CPU.Build.0 = Debug|Any CPU
		{00D990E2-2597-4DC8-B6A3-1D24E049FF18}.Debug|x86.ActiveCfg = Debug|x86
		{00D990E2-2597-4DC8-B6A3-1D24E049FF18}.Debug|x86.Build.0 = Debug|x86
		{00D990E2-2597-4DC8-B6A3-1D24E049FF18}.Release|Any CPU.ActiveCfg = Release|Any CPU
		{00D990E2-2597-4DC8-B6A3-1D24E049FF18}.Release|Any CPU.Build.0 = Release|Any CPU
		{00D990E2-2597-4DC8-B6A3-1D24E049FF18}.Release|x86.ActiveCfg = Release|Any CPU
		{5EC16551-CE6F-467C-905F-98ECCCBD2AFE}.Debug|Any CPU.ActiveCfg = Debug|Any CPU
		{5EC16551-CE6F-467C-905F-98ECCCBD2AFE}.Debug|Any CPU.Build.0 = Debug|Any CPU
		{5EC16551-CE6F-467C-905F-98ECCCBD2AFE}.Debug|x86.ActiveCfg = Debug|x86
		{5EC16551-CE6F-467C-905F-98ECCCBD2AFE}.Debug|x86.Build.0 = Debug|x86
		{5EC16551-CE6F-467C-905F-98ECCCBD2AFE}.Release|Any CPU.ActiveCfg = Release|Any CPU
		{5EC16551-CE6F-467C-905F-98ECCCBD2AFE}.Release|Any CPU.Build.0 = Release|Any CPU
		{5EC16551-CE6F-467C-905F-98ECCCBD2AFE}.Release|x86.ActiveCfg = Release|Any CPU
		{161D502C-4157-4926-BB01-2161158CAD91}.Debug|Any CPU.ActiveCfg = Debug|Any CPU
		{161D502C-4157-4926-BB01-2161158CAD91}.Debug|Any CPU.Build.0 = Debug|Any CPU
		{161D502C-4157-4926-BB01-2161158CAD91}.Debug|x86.ActiveCfg = Debug|x86
		{161D502C-4157-4926-BB01-2161158CAD91}.Debug|x86.Build.0 = Debug|x86
		{161D502C-4157-4926-BB01-2161158CAD91}.Release|Any CPU.ActiveCfg = Release|Any CPU
		{161D502C-4157-4926-BB01-2161158CAD91}.Release|Any CPU.Build.0 = Release|Any CPU
		{161D502C-4157-4926-BB01-2161158CAD91}.Release|x86.ActiveCfg = Release|x86
		{161D502C-4157-4926-BB01-2161158CAD91}.Release|x86.Build.0 = Release|x86
		{D338E7D4-6961-4E30-A423-F1395CC55CCC}.Debug|Any CPU.ActiveCfg = Debug|Any CPU
		{D338E7D4-6961-4E30-A423-F1395CC55CCC}.Debug|Any CPU.Build.0 = Debug|Any CPU
		{D338E7D4-6961-4E30-A423-F1395CC55CCC}.Debug|x86.ActiveCfg = Debug|x86
		{D338E7D4-6961-4E30-A423-F1395CC55CCC}.Debug|x86.Build.0 = Debug|x86
		{D338E7D4-6961-4E30-A423-F1395CC55CCC}.Release|Any CPU.ActiveCfg = Release|Any CPU
		{D338E7D4-6961-4E30-A423-F1395CC55CCC}.Release|Any CPU.Build.0 = Release|Any CPU
		{D338E7D4-6961-4E30-A423-F1395CC55CCC}.Release|x86.ActiveCfg = Release|Any CPU
		{9BB4C79D-130F-4000-A173-7E53498E2310}.Debug|Any CPU.ActiveCfg = Debug|Any CPU
		{9BB4C79D-130F-4000-A173-7E53498E2310}.Debug|Any CPU.Build.0 = Debug|Any CPU
		{9BB4C79D-130F-4000-A173-7E53498E2310}.Debug|x86.ActiveCfg = Debug|x86
		{9BB4C79D-130F-4000-A173-7E53498E2310}.Debug|x86.Build.0 = Debug|x86
		{9BB4C79D-130F-4000-A173-7E53498E2310}.Release|Any CPU.ActiveCfg = Release|Any CPU
		{9BB4C79D-130F-4000-A173-7E53498E2310}.Release|Any CPU.Build.0 = Release|Any CPU
		{9BB4C79D-130F-4000-A173-7E53498E2310}.Release|x86.ActiveCfg = Release|Any CPU
		{296013B9-94F7-4F14-8EDA-A8F559EA8E8F}.Debug|Any CPU.ActiveCfg = Debug|Any CPU
		{296013B9-94F7-4F14-8EDA-A8F559EA8E8F}.Debug|Any CPU.Build.0 = Debug|Any CPU
		{296013B9-94F7-4F14-8EDA-A8F559EA8E8F}.Debug|x86.ActiveCfg = Debug|x86
		{296013B9-94F7-4F14-8EDA-A8F559EA8E8F}.Debug|x86.Build.0 = Debug|x86
		{296013B9-94F7-4F14-8EDA-A8F559EA8E8F}.Release|Any CPU.ActiveCfg = Release|Any CPU
		{296013B9-94F7-4F14-8EDA-A8F559EA8E8F}.Release|Any CPU.Build.0 = Release|Any CPU
		{296013B9-94F7-4F14-8EDA-A8F559EA8E8F}.Release|x86.ActiveCfg = Release|Any CPU
	EndGlobalSection
	GlobalSection(SolutionProperties) = preSolution
		HideSolutionNode = FALSE
	EndGlobalSection
EndGlobal
